// !$*UTF8*$!
{
	archiveVersion = 1;
	classes = {
	};
	objectVersion = 50;
	objects = {

/* Begin PBXBuildFile section */
		C0666669272282EF00FB7001 /* AppDelegate.swift in Sources */ = {isa = PBXBuildFile; fileRef = C0666668272282EF00FB7001 /* AppDelegate.swift */; };
		C066666B272282EF00FB7001 /* SceneDelegate.swift in Sources */ = {isa = PBXBuildFile; fileRef = C066666A272282EF00FB7001 /* SceneDelegate.swift */; };
		C066666D272282EF00FB7001 /* ViewController.swift in Sources */ = {isa = PBXBuildFile; fileRef = C066666C272282EF00FB7001 /* ViewController.swift */; };
		C0666670272282EF00FB7001 /* Main.storyboard in Resources */ = {isa = PBXBuildFile; fileRef = C066666E272282EF00FB7001 /* Main.storyboard */; };
		C0666672272282F200FB7001 /* Assets.xcassets in Resources */ = {isa = PBXBuildFile; fileRef = C0666671272282F200FB7001 /* Assets.xcassets */; };
		C0666675272282F200FB7001 /* LaunchScreen.storyboard in Resources */ = {isa = PBXBuildFile; fileRef = C0666673272282F200FB7001 /* LaunchScreen.storyboard */; };
		C0666680272282F200FB7001 /* learnTests.swift in Sources */ = {isa = PBXBuildFile; fileRef = C066667F272282F200FB7001 /* learnTests.swift */; };
		C066668B272282F200FB7001 /* learnUITests.swift in Sources */ = {isa = PBXBuildFile; fileRef = C066668A272282F200FB7001 /* learnUITests.swift */; };
/* End PBXBuildFile section */

/* Begin PBXContainerItemProxy section */
		C066667C272282F200FB7001 /* PBXContainerItemProxy */ = {
			isa = PBXContainerItemProxy;
			containerPortal = C066665D272282EF00FB7001 /* Project object */;
			proxyType = 1;
			remoteGlobalIDString = C0666664272282EF00FB7001;
			remoteInfo = learn;
		};
		C0666687272282F200FB7001 /* PBXContainerItemProxy */ = {
			isa = PBXContainerItemProxy;
			containerPortal = C066665D272282EF00FB7001 /* Project object */;
			proxyType = 1;
			remoteGlobalIDString = C0666664272282EF00FB7001;
			remoteInfo = learn;
		};
/* End PBXContainerItemProxy section */

/* Begin PBXFileReference section */
		C0666665272282EF00FB7001 /* learn.app */ = {isa = PBXFileReference; explicitFileType = wrapper.application; includeInIndex = 0; path = learn.app; sourceTree = BUILT_PRODUCTS_DIR; };
		C0666668272282EF00FB7001 /* AppDelegate.swift */ = {isa = PBXFileReference; lastKnownFileType = sourcecode.swift; path = AppDelegate.swift; sourceTree = "<group>"; };
		C066666A272282EF00FB7001 /* SceneDelegate.swift */ = {isa = PBXFileReference; lastKnownFileType = sourcecode.swift; path = SceneDelegate.swift; sourceTree = "<group>"; };
		C066666C272282EF00FB7001 /* ViewController.swift */ = {isa = PBXFileReference; lastKnownFileType = sourcecode.swift; path = ViewController.swift; sourceTree = "<group>"; };
		C066666F272282EF00FB7001 /* Base */ = {isa = PBXFileReference; lastKnownFileType = file.storyboard; name = Base; path = Base.lproj/Main.storyboard; sourceTree = "<group>"; };
		C0666671272282F200FB7001 /* Assets.xcassets */ = {isa = PBXFileReference; lastKnownFileType = folder.assetcatalog; path = Assets.xcassets; sourceTree = "<group>"; };
		C0666674272282F200FB7001 /* Base */ = {isa = PBXFileReference; lastKnownFileType = file.storyboard; name = Base; path = Base.lproj/LaunchScreen.storyboard; sourceTree = "<group>"; };
		C0666676272282F200FB7001 /* Info.plist */ = {isa = PBXFileReference; lastKnownFileType = text.plist.xml; path = Info.plist; sourceTree = "<group>"; };
		C066667B272282F200FB7001 /* learnTests.xctest */ = {isa = PBXFileReference; explicitFileType = wrapper.cfbundle; includeInIndex = 0; path = learnTests.xctest; sourceTree = BUILT_PRODUCTS_DIR; };
		C066667F272282F200FB7001 /* learnTests.swift */ = {isa = PBXFileReference; lastKnownFileType = sourcecode.swift; path = learnTests.swift; sourceTree = "<group>"; };
		C0666681272282F200FB7001 /* Info.plist */ = {isa = PBXFileReference; lastKnownFileType = text.plist.xml; path = Info.plist; sourceTree = "<group>"; };
		C0666686272282F200FB7001 /* learnUITests.xctest */ = {isa = PBXFileReference; explicitFileType = wrapper.cfbundle; includeInIndex = 0; path = learnUITests.xctest; sourceTree = BUILT_PRODUCTS_DIR; };
		C066668A272282F200FB7001 /* learnUITests.swift */ = {isa = PBXFileReference; lastKnownFileType = sourcecode.swift; path = learnUITests.swift; sourceTree = "<group>"; };
		C066668C272282F200FB7001 /* Info.plist */ = {isa = PBXFileReference; lastKnownFileType = text.plist.xml; path = Info.plist; sourceTree = "<group>"; };
/* End PBXFileReference section */

/* Begin PBXFrameworksBuildPhase section */
		C0666662272282EF00FB7001 /* Frameworks */ = {
			isa = PBXFrameworksBuildPhase;
			buildActionMask = 2147483647;
			files = (
			);
			runOnlyForDeploymentPostprocessing = 0;
		};
		C0666678272282F200FB7001 /* Frameworks */ = {
			isa = PBXFrameworksBuildPhase;
			buildActionMask = 2147483647;
			files = (
			);
			runOnlyForDeploymentPostprocessing = 0;
		};
		C0666683272282F200FB7001 /* Frameworks */ = {
			isa = PBXFrameworksBuildPhase;
			buildActionMask = 2147483647;
			files = (
			);
			runOnlyForDeploymentPostprocessing = 0;
		};
/* End PBXFrameworksBuildPhase section */

/* Begin PBXGroup section */
		C066665C272282EF00FB7001 = {
			isa = PBXGroup;
			children = (
				C0666667272282EF00FB7001 /* learn */,
				C066667E272282F200FB7001 /* learnTests */,
				C0666689272282F200FB7001 /* learnUITests */,
				C0666666272282EF00FB7001 /* Products */,
			);
			sourceTree = "<group>";
		};
		C0666666272282EF00FB7001 /* Products */ = {
			isa = PBXGroup;
			children = (
				C0666665272282EF00FB7001 /* learn.app */,
				C066667B272282F200FB7001 /* learnTests.xctest */,
				C0666686272282F200FB7001 /* learnUITests.xctest */,
			);
			name = Products;
			sourceTree = "<group>";
		};
		C0666667272282EF00FB7001 /* learn */ = {
			isa = PBXGroup;
			children = (
				C0666668272282EF00FB7001 /* AppDelegate.swift */,
				C066666A272282EF00FB7001 /* SceneDelegate.swift */,
				C066666C272282EF00FB7001 /* ViewController.swift */,
				C066666E272282EF00FB7001 /* Main.storyboard */,
				C0666671272282F200FB7001 /* Assets.xcassets */,
				C0666673272282F200FB7001 /* LaunchScreen.storyboard */,
				C0666676272282F200FB7001 /* Info.plist */,
			);
			path = learn;
			sourceTree = "<group>";
		};
		C066667E272282F200FB7001 /* learnTests */ = {
			isa = PBXGroup;
			children = (
				C066667F272282F200FB7001 /* learnTests.swift */,
				C0666681272282F200FB7001 /* Info.plist */,
			);
			path = learnTests;
			sourceTree = "<group>";
		};
		C0666689272282F200FB7001 /* learnUITests */ = {
			isa = PBXGroup;
			children = (
				C066668A272282F200FB7001 /* learnUITests.swift */,
				C066668C272282F200FB7001 /* Info.plist */,
			);
			path = learnUITests;
			sourceTree = "<group>";
		};
/* End PBXGroup section */

/* Begin PBXNativeTarget section */
		C0666664272282EF00FB7001 /* learn */ = {
			isa = PBXNativeTarget;
			buildConfigurationList = C066668F272282F200FB7001 /* Build configuration list for PBXNativeTarget "learn" */;
			buildPhases = (
				C0666661272282EF00FB7001 /* Sources */,
				C0666662272282EF00FB7001 /* Frameworks */,
				C0666663272282EF00FB7001 /* Resources */,
			);
			buildRules = (
			);
			dependencies = (
			);
			name = learn;
			productName = learn;
			productReference = C0666665272282EF00FB7001 /* learn.app */;
			productType = "com.apple.product-type.application";
		};
		C066667A272282F200FB7001 /* learnTests */ = {
			isa = PBXNativeTarget;
			buildConfigurationList = C0666692272282F200FB7001 /* Build configuration list for PBXNativeTarget "learnTests" */;
			buildPhases = (
				C0666677272282F200FB7001 /* Sources */,
				C0666678272282F200FB7001 /* Frameworks */,
				C0666679272282F200FB7001 /* Resources */,
			);
			buildRules = (
			);
			dependencies = (
				C066667D272282F200FB7001 /* PBXTargetDependency */,
			);
			name = learnTests;
			productName = learnTests;
			productReference = C066667B272282F200FB7001 /* learnTests.xctest */;
			productType = "com.apple.product-type.bundle.unit-test";
		};
		C0666685272282F200FB7001 /* learnUITests */ = {
			isa = PBXNativeTarget;
			buildConfigurationList = C0666695272282F200FB7001 /* Build configuration list for PBXNativeTarget "learnUITests" */;
			buildPhases = (
				C0666682272282F200FB7001 /* Sources */,
				C0666683272282F200FB7001 /* Frameworks */,
				C0666684272282F200FB7001 /* Resources */,
			);
			buildRules = (
			);
			dependencies = (
				C0666688272282F200FB7001 /* PBXTargetDependency */,
			);
			name = learnUITests;
			productName = learnUITests;
			productReference = C0666686272282F200FB7001 /* learnUITests.xctest */;
			productType = "com.apple.product-type.bundle.ui-testing";
		};
/* End PBXNativeTarget section */

/* Begin PBXProject section */
		C066665D272282EF00FB7001 /* Project object */ = {
			isa = PBXProject;
			attributes = {
				LastSwiftUpdateCheck = 1250;
				LastUpgradeCheck = 1250;
				TargetAttributes = {
					C0666664272282EF00FB7001 = {
						CreatedOnToolsVersion = 12.5.1;
					};
					C066667A272282F200FB7001 = {
						CreatedOnToolsVersion = 12.5.1;
						TestTargetID = C0666664272282EF00FB7001;
					};
					C0666685272282F200FB7001 = {
						CreatedOnToolsVersion = 12.5.1;
						TestTargetID = C0666664272282EF00FB7001;
					};
				};
			};
			buildConfigurationList = C0666660272282EF00FB7001 /* Build configuration list for PBXProject "learn" */;
			compatibilityVersion = "Xcode 9.3";
			developmentRegion = en;
			hasScannedForEncodings = 0;
			knownRegions = (
				en,
				Base,
			);
			mainGroup = C066665C272282EF00FB7001;
			productRefGroup = C0666666272282EF00FB7001 /* Products */;
			projectDirPath = "";
			projectRoot = "";
			targets = (
				C0666664272282EF00FB7001 /* learn */,
				C066667A272282F200FB7001 /* learnTests */,
				C0666685272282F200FB7001 /* learnUITests */,
			);
		};
/* End PBXProject section */

/* Begin PBXResourcesBuildPhase section */
		C0666663272282EF00FB7001 /* Resources */ = {
			isa = PBXResourcesBuildPhase;
			buildActionMask = 2147483647;
			files = (
				C0666675272282F200FB7001 /* LaunchScreen.storyboard in Resources */,
				C0666672272282F200FB7001 /* Assets.xcassets in Resources */,
				C0666670272282EF00FB7001 /* Main.storyboard in Resources */,
			);
			runOnlyForDeploymentPostprocessing = 0;
		};
		C0666679272282F200FB7001 /* Resources */ = {
			isa = PBXResourcesBuildPhase;
			buildActionMask = 2147483647;
			files = (
			);
			runOnlyForDeploymentPostprocessing = 0;
		};
		C0666684272282F200FB7001 /* Resources */ = {
			isa = PBXResourcesBuildPhase;
			buildActionMask = 2147483647;
			files = (
			);
			runOnlyForDeploymentPostprocessing = 0;
		};
/* End PBXResourcesBuildPhase section */

/* Begin PBXSourcesBuildPhase section */
		C0666661272282EF00FB7001 /* Sources */ = {
			isa = PBXSourcesBuildPhase;
			buildActionMask = 2147483647;
			files = (
				C066666D272282EF00FB7001 /* ViewController.swift in Sources */,
				C0666669272282EF00FB7001 /* AppDelegate.swift in Sources */,
				C066666B272282EF00FB7001 /* SceneDelegate.swift in Sources */,
			);
			runOnlyForDeploymentPostprocessing = 0;
		};
		C0666677272282F200FB7001 /* Sources */ = {
			isa = PBXSourcesBuildPhase;
			buildActionMask = 2147483647;
			files = (
				C0666680272282F200FB7001 /* learnTests.swift in Sources */,
			);
			runOnlyForDeploymentPostprocessing = 0;
		};
		C0666682272282F200FB7001 /* Sources */ = {
			isa = PBXSourcesBuildPhase;
			buildActionMask = 2147483647;
			files = (
				C066668B272282F200FB7001 /* learnUITests.swift in Sources */,
			);
			runOnlyForDeploymentPostprocessing = 0;
		};
/* End PBXSourcesBuildPhase section */

/* Begin PBXTargetDependency section */
		C066667D272282F200FB7001 /* PBXTargetDependency */ = {
			isa = PBXTargetDependency;
			target = C0666664272282EF00FB7001 /* learn */;
			targetProxy = C066667C272282F200FB7001 /* PBXContainerItemProxy */;
		};
		C0666688272282F200FB7001 /* PBXTargetDependency */ = {
			isa = PBXTargetDependency;
			target = C0666664272282EF00FB7001 /* learn */;
			targetProxy = C0666687272282F200FB7001 /* PBXContainerItemProxy */;
		};
/* End PBXTargetDependency section */

/* Begin PBXVariantGroup section */
		C066666E272282EF00FB7001 /* Main.storyboard */ = {
			isa = PBXVariantGroup;
			children = (
				C066666F272282EF00FB7001 /* Base */,
			);
			name = Main.storyboard;
			sourceTree = "<group>";
		};
		C0666673272282F200FB7001 /* LaunchScreen.storyboard */ = {
			isa = PBXVariantGroup;
			children = (
				C0666674272282F200FB7001 /* Base */,
			);
			name = LaunchScreen.storyboard;
			sourceTree = "<group>";
		};
/* End PBXVariantGroup section */

/* Begin XCBuildConfiguration section */
		C066668D272282F200FB7001 /* Debug */ = {
			isa = XCBuildConfiguration;
			buildSettings = {
				ALWAYS_SEARCH_USER_PATHS = NO;
				CLANG_ANALYZER_NONNULL = YES;
				CLANG_ANALYZER_NUMBER_OBJECT_CONVERSION = YES_AGGRESSIVE;
				CLANG_CXX_LANGUAGE_STANDARD = "gnu++14";
				CLANG_CXX_LIBRARY = "libc++";
				CLANG_ENABLE_MODULES = YES;
				CLANG_ENABLE_OBJC_ARC = YES;
				CLANG_ENABLE_OBJC_WEAK = YES;
				CLANG_WARN_BLOCK_CAPTURE_AUTORELEASING = YES;
				CLANG_WARN_BOOL_CONVERSION = YES;
				CLANG_WARN_COMMA = YES;
				CLANG_WARN_CONSTANT_CONVERSION = YES;
				CLANG_WARN_DEPRECATED_OBJC_IMPLEMENTATIONS = YES;
				CLANG_WARN_DIRECT_OBJC_ISA_USAGE = YES_ERROR;
				CLANG_WARN_DOCUMENTATION_COMMENTS = YES;
				CLANG_WARN_EMPTY_BODY = YES;
				CLANG_WARN_ENUM_CONVERSION = YES;
				CLANG_WARN_INFINITE_RECURSION = YES;
				CLANG_WARN_INT_CONVERSION = YES;
				CLANG_WARN_NON_LITERAL_NULL_CONVERSION = YES;
				CLANG_WARN_OBJC_IMPLICIT_RETAIN_SELF = YES;
				CLANG_WARN_OBJC_LITERAL_CONVERSION = YES;
				CLANG_WARN_OBJC_ROOT_CLASS = YES_ERROR;
				CLANG_WARN_QUOTED_INCLUDE_IN_FRAMEWORK_HEADER = YES;
				CLANG_WARN_RANGE_LOOP_ANALYSIS = YES;
				CLANG_WARN_STRICT_PROTOTYPES = YES;
				CLANG_WARN_SUSPICIOUS_MOVE = YES;
				CLANG_WARN_UNGUARDED_AVAILABILITY = YES_AGGRESSIVE;
				CLANG_WARN_UNREACHABLE_CODE = YES;
				CLANG_WARN__DUPLICATE_METHOD_MATCH = YES;
				COPY_PHASE_STRIP = NO;
				DEBUG_INFORMATION_FORMAT = dwarf;
				ENABLE_STRICT_OBJC_MSGSEND = YES;
				ENABLE_TESTABILITY = YES;
				GCC_C_LANGUAGE_STANDARD = gnu11;
				GCC_DYNAMIC_NO_PIC = NO;
				GCC_NO_COMMON_BLOCKS = YES;
				GCC_OPTIMIZATION_LEVEL = 0;
				GCC_PREPROCESSOR_DEFINITIONS = (
					"DEBUG=1",
					"$(inherited)",
				);
				GCC_WARN_64_TO_32_BIT_CONVERSION = YES;
				GCC_WARN_ABOUT_RETURN_TYPE = YES_ERROR;
				GCC_WARN_UNDECLARED_SELECTOR = YES;
				GCC_WARN_UNINITIALIZED_AUTOS = YES_AGGRESSIVE;
				GCC_WARN_UNUSED_FUNCTION = YES;
				GCC_WARN_UNUSED_VARIABLE = YES;
				IPHONEOS_DEPLOYMENT_TARGET = 14.5;
				MTL_ENABLE_DEBUG_INFO = INCLUDE_SOURCE;
				MTL_FAST_MATH = YES;
				ONLY_ACTIVE_ARCH = YES;
				SDKROOT = iphoneos;
				SWIFT_ACTIVE_COMPILATION_CONDITIONS = DEBUG;
				SWIFT_OPTIMIZATION_LEVEL = "-Onone";
			};
			name = Debug;
		};
		C066668E272282F200FB7001 /* Release */ = {
			isa = XCBuildConfiguration;
			buildSettings = {
				ALWAYS_SEARCH_USER_PATHS = NO;
				CLANG_ANALYZER_NONNULL = YES;
				CLANG_ANALYZER_NUMBER_OBJECT_CONVERSION = YES_AGGRESSIVE;
				CLANG_CXX_LANGUAGE_STANDARD = "gnu++14";
				CLANG_CXX_LIBRARY = "libc++";
				CLANG_ENABLE_MODULES = YES;
				CLANG_ENABLE_OBJC_ARC = YES;
				CLANG_ENABLE_OBJC_WEAK = YES;
				CLANG_WARN_BLOCK_CAPTURE_AUTORELEASING = YES;
				CLANG_WARN_BOOL_CONVERSION = YES;
				CLANG_WARN_COMMA = YES;
				CLANG_WARN_CONSTANT_CONVERSION = YES;
				CLANG_WARN_DEPRECATED_OBJC_IMPLEMENTATIONS = YES;
				CLANG_WARN_DIRECT_OBJC_ISA_USAGE = YES_ERROR;
				CLANG_WARN_DOCUMENTATION_COMMENTS = YES;
				CLANG_WARN_EMPTY_BODY = YES;
				CLANG_WARN_ENUM_CONVERSION = YES;
				CLANG_WARN_INFINITE_RECURSION = YES;
				CLANG_WARN_INT_CONVERSION = YES;
				CLANG_WARN_NON_LITERAL_NULL_CONVERSION = YES;
				CLANG_WARN_OBJC_IMPLICIT_RETAIN_SELF = YES;
				CLANG_WARN_OBJC_LITERAL_CONVERSION = YES;
				CLANG_WARN_OBJC_ROOT_CLASS = YES_ERROR;
				CLANG_WARN_QUOTED_INCLUDE_IN_FRAMEWORK_HEADER = YES;
				CLANG_WARN_RANGE_LOOP_ANALYSIS = YES;
				CLANG_WARN_STRICT_PROTOTYPES = YES;
				CLANG_WARN_SUSPICIOUS_MOVE = YES;
				CLANG_WARN_UNGUARDED_AVAILABILITY = YES_AGGRESSIVE;
				CLANG_WARN_UNREACHABLE_CODE = YES;
				CLANG_WARN__DUPLICATE_METHOD_MATCH = YES;
				COPY_PHASE_STRIP = NO;
				DEBUG_INFORMATION_FORMAT = "dwarf-with-dsym";
				ENABLE_NS_ASSERTIONS = NO;
				ENABLE_STRICT_OBJC_MSGSEND = YES;
				GCC_C_LANGUAGE_STANDARD = gnu11;
				GCC_NO_COMMON_BLOCKS = YES;
				GCC_WARN_64_TO_32_BIT_CONVERSION = YES;
				GCC_WARN_ABOUT_RETURN_TYPE = YES_ERROR;
				GCC_WARN_UNDECLARED_SELECTOR = YES;
				GCC_WARN_UNINITIALIZED_AUTOS = YES_AGGRESSIVE;
				GCC_WARN_UNUSED_FUNCTION = YES;
				GCC_WARN_UNUSED_VARIABLE = YES;
				IPHONEOS_DEPLOYMENT_TARGET = 14.5;
				MTL_ENABLE_DEBUG_INFO = NO;
				MTL_FAST_MATH = YES;
				SDKROOT = iphoneos;
				SWIFT_COMPILATION_MODE = wholemodule;
				SWIFT_OPTIMIZATION_LEVEL = "-O";
				VALIDATE_PRODUCT = YES;
			};
			name = Release;
		};
		C0666690272282F200FB7001 /* Debug */ = {
			isa = XCBuildConfiguration;
			buildSettings = {
				ASSETCATALOG_COMPILER_APPICON_NAME = AppIcon;
				ASSETCATALOG_COMPILER_GLOBAL_ACCENT_COLOR_NAME = AccentColor;
				CODE_SIGN_STYLE = Automatic;
				INFOPLIST_FILE = learn/Info.plist;
				LD_RUNPATH_SEARCH_PATHS = (
					"$(inherited)",
					"@executable_path/Frameworks",
				);
				PRODUCT_BUNDLE_IDENTIFIER = sunlihuan.learn;
				PRODUCT_NAME = "$(TARGET_NAME)";
				SWIFT_VERSION = 5.0;
				TARGETED_DEVICE_FAMILY = "1,2";
			};
			name = Debug;
		};
		C0666691272282F200FB7001 /* Release */ = {
			isa = XCBuildConfiguration;
			buildSettings = {
				ASSETCATALOG_COMPILER_APPICON_NAME = AppIcon;
				ASSETCATALOG_COMPILER_GLOBAL_ACCENT_COLOR_NAME = AccentColor;
				CODE_SIGN_STYLE = Automatic;
				INFOPLIST_FILE = learn/Info.plist;
				LD_RUNPATH_SEARCH_PATHS = (
					"$(inherited)",
					"@executable_path/Frameworks",
				);
				PRODUCT_BUNDLE_IDENTIFIER = sunlihuan.learn;
				PRODUCT_NAME = "$(TARGET_NAME)";
				SWIFT_VERSION = 5.0;
				TARGETED_DEVICE_FAMILY = "1,2";
			};
			name = Release;
		};
		C0666693272282F200FB7001 /* Debug */ = {
			isa = XCBuildConfiguration;
			buildSettings = {
				ALWAYS_EMBED_SWIFT_STANDARD_LIBRARIES = YES;
				BUNDLE_LOADER = "$(TEST_HOST)";
				CODE_SIGN_STYLE = Automatic;
				INFOPLIST_FILE = learnTests/Info.plist;
				IPHONEOS_DEPLOYMENT_TARGET = 14.5;
				LD_RUNPATH_SEARCH_PATHS = (
					"$(inherited)",
					"@executable_path/Frameworks",
					"@loader_path/Frameworks",
				);
				PRODUCT_BUNDLE_IDENTIFIER = sunlihuan.learnTests;
				PRODUCT_NAME = "$(TARGET_NAME)";
				SWIFT_VERSION = 5.0;
				TARGETED_DEVICE_FAMILY = "1,2";
				TEST_HOST = "$(BUILT_PRODUCTS_DIR)/learn.app/learn";
			};
			name = Debug;
		};
		C0666694272282F200FB7001 /* Release */ = {
			isa = XCBuildConfiguration;
			buildSettings = {
				ALWAYS_EMBED_SWIFT_STANDARD_LIBRARIES = YES;
				BUNDLE_LOADER = "$(TEST_HOST)";
				CODE_SIGN_STYLE = Automatic;
				INFOPLIST_FILE = learnTests/Info.plist;
				IPHONEOS_DEPLOYMENT_TARGET = 14.5;
				LD_RUNPATH_SEARCH_PATHS = (
					"$(inherited)",
					"@executable_path/Frameworks",
					"@loader_path/Frameworks",
				);
				PRODUCT_BUNDLE_IDENTIFIER = sunlihuan.learnTests;
				PRODUCT_NAME = "$(TARGET_NAME)";
				SWIFT_VERSION = 5.0;
				TARGETED_DEVICE_FAMILY = "1,2";
				TEST_HOST = "$(BUILT_PRODUCTS_DIR)/learn.app/learn";
			};
			name = Release;
		};
		C0666696272282F200FB7001 /* Debug */ = {
			isa = XCBuildConfiguration;
			buildSettings = {
				ALWAYS_EMBED_SWIFT_STANDARD_LIBRARIES = YES;
				CODE_SIGN_STYLE = Automatic;
				INFOPLIST_FILE = learnUITests/Info.plist;
				LD_RUNPATH_SEARCH_PATHS = (
					"$(inherited)",
					"@executable_path/Frameworks",
					"@loader_path/Frameworks",
				);
				PRODUCT_BUNDLE_IDENTIFIER = sunlihuan.learnUITests;
				PRODUCT_NAME = "$(TARGET_NAME)";
				SWIFT_VERSION = 5.0;
				TARGETED_DEVICE_FAMILY = "1,2";
				TEST_TARGET_NAME = learn;
			};
			name = Debug;
		};
		C0666697272282F200FB7001 /* Release */ = {
			isa = XCBuildConfiguration;
			buildSettings = {
				ALWAYS_EMBED_SWIFT_STANDARD_LIBRARIES = YES;
				CODE_SIGN_STYLE = Automatic;
				INFOPLIST_FILE = learnUITests/Info.plist;
				LD_RUNPATH_SEARCH_PATHS = (
					"$(inherited)",
					"@executable_path/Frameworks",
					"@loader_path/Frameworks",
				);
				PRODUCT_BUNDLE_IDENTIFIER = sunlihuan.learnUITests;
				PRODUCT_NAME = "$(TARGET_NAME)";
				SWIFT_VERSION = 5.0;
				TARGETED_DEVICE_FAMILY = "1,2";
				TEST_TARGET_NAME = learn;
			};
			name = Release;
		};
/* End XCBuildConfiguration section */

/* Begin XCConfigurationList section */
		C0666660272282EF00FB7001 /* Build configuration list for PBXProject "learn" */ = {
			isa = XCConfigurationList;
			buildConfigurations = (
				C066668D272282F200FB7001 /* Debug */,
				C066668E272282F200FB7001 /* Release */,
			);
			defaultConfigurationIsVisible = 0;
			defaultConfigurationName = Release;
		};
		C066668F272282F200FB7001 /* Build configuration list for PBXNativeTarget "learn" */ = {
			isa = XCConfigurationList;
			buildConfigurations = (
				C0666690272282F200FB7001 /* Debug */,
				C0666691272282F200FB7001 /* Release */,
			);
			defaultConfigurationIsVisible = 0;
			defaultConfigurationName = Release;
		};
		C0666692272282F200FB7001 /* Build configuration list for PBXNativeTarget "learnTests" */ = {
			isa = XCConfigurationList;
			buildConfigurations = (
				C0666693272282F200FB7001 /* Debug */,
				C0666694272282F200FB7001 /* Release */,
			);
			defaultConfigurationIsVisible = 0;
			defaultConfigurationName = Release;
		};
		C0666695272282F200FB7001 /* Build configuration list for PBXNativeTarget "learnUITests" */ = {
			isa = XCConfigurationList;
			buildConfigurations = (
				C0666696272282F200FB7001 /* Debug */,
				C0666697272282F200FB7001 /* Release */,
			);
			defaultConfigurationIsVisible = 0;
			defaultConfigurationName = Release;
		};
/* End XCConfigurationList section */
	};
	rootObject = C066665D272282EF00FB7001 /* Project object */;
}
